
Microsoft Visual Studio Solution File, Format Version 12.00
# Visual Studio Version 16
VisualStudioVersion = 16.0.30621.155
MinimumVisualStudioVersion = 10.0.40219.1
Project("{9A19103F-16F7-4668-BE54-9A1E7A4F7556}") = "CompuevolucionAPI", "CompuevolucionAPI.csproj", "{7FB0922B-FA75-49E1-A1EC-681EB0A0BB80}"
EndProject
Global
	GlobalSection(SolutionConfigurationPlatforms) = preSolution
		Debug|Any CPU = Debug|Any CPU
		Release|Any CPU = Release|Any CPU
	EndGlobalSection
	GlobalSection(ProjectConfigurationPlatforms) = postSolution
		{7FB0922B-FA75-49E1-A1EC-681EB0A0BB80}.Debug|Any CPU.ActiveCfg = Debug|Any CPU
		{7FB0922B-FA75-49E1-A1EC-681EB0A0BB80}.Debug|Any CPU.Build.0 = Debug|Any CPU
		{7FB0922B-FA75-49E1-A1EC-681EB0A0BB80}.Release|Any CPU.ActiveCfg = Release|Any CPU
		{7FB0922B-FA75-49E1-A1EC-681EB0A0BB80}.Release|Any CPU.Build.0 = Release|Any CPU
	EndGlobalSection
	GlobalSection(SolutionProperties) = preSolution
		HideSolutionNode = FALSE
	EndGlobalSection
	GlobalSection(ExtensibilityGlobals) = postSolution
		SolutionGuid = {D9BC6114-8E0E-4575-AB98-4FFFE1E91CF1}
	EndGlobalSection
EndGlobal
